// !$*UTF8*$!
{
	archiveVersion = 1;
	classes = {
	};
	objectVersion = 50;
	objects = {

/* Begin PBXBuildFile section */
		D2A115FE2391B431002BCBCC /* AppDelegate.m in Sources */ = {isa = PBXBuildFile; fileRef = D2A115FD2391B431002BCBCC /* AppDelegate.m */; };
		D2A116012391B431002BCBCC /* SceneDelegate.m in Sources */ = {isa = PBXBuildFile; fileRef = D2A116002391B431002BCBCC /* SceneDelegate.m */; };
		D2A116042391B431002BCBCC /* ViewController.m in Sources */ = {isa = PBXBuildFile; fileRef = D2A116032391B431002BCBCC /* ViewController.m */; };
		D2A116072391B431002BCBCC /* Main.storyboard in Resources */ = {isa = PBXBuildFile; fileRef = D2A116052391B431002BCBCC /* Main.storyboard */; };
		D2A116092391B434002BCBCC /* Assets.xcassets in Resources */ = {isa = PBXBuildFile; fileRef = D2A116082391B434002BCBCC /* Assets.xcassets */; };
		D2A1160C2391B434002BCBCC /* LaunchScreen.storyboard in Resources */ = {isa = PBXBuildFile; fileRef = D2A1160A2391B434002BCBCC /* LaunchScreen.storyboard */; };
		D2A1160F2391B434002BCBCC /* main.m in Sources */ = {isa = PBXBuildFile; fileRef = D2A1160E2391B434002BCBCC /* main.m */; };
		D2A116192391B434002BCBCC /* HJPodsDemoTests.m in Sources */ = {isa = PBXBuildFile; fileRef = D2A116182391B434002BCBCC /* HJPodsDemoTests.m */; };
		D2A116242391B434002BCBCC /* HJPodsDemoUITests.m in Sources */ = {isa = PBXBuildFile; fileRef = D2A116232391B434002BCBCC /* HJPodsDemoUITests.m */; };
		D2A116342391B748002BCBCC /* HJPodsDemo.m in Sources */ = {isa = PBXBuildFile; fileRef = D2A116332391B748002BCBCC /* HJPodsDemo.m */; };
/* End PBXBuildFile section */

/* Begin PBXContainerItemProxy section */
		D2A116152391B434002BCBCC /* PBXContainerItemProxy */ = {
			isa = PBXContainerItemProxy;
			containerPortal = D2A115F12391B431002BCBCC /* Project object */;
			proxyType = 1;
			remoteGlobalIDString = D2A115F82391B431002BCBCC;
			remoteInfo = HJPodsDemo;
		};
		D2A116202391B434002BCBCC /* PBXContainerItemProxy */ = {
			isa = PBXContainerItemProxy;
			containerPortal = D2A115F12391B431002BCBCC /* Project object */;
			proxyType = 1;
			remoteGlobalIDString = D2A115F82391B431002BCBCC;
			remoteInfo = HJPodsDemo;
		};
/* End PBXContainerItemProxy section */

/* Begin PBXFileReference section */
		D2A115F92391B431002BCBCC /* HJPodsDemo.app */ = {isa = PBXFileReference; explicitFileType = wrapper.application; includeInIndex = 0; path = HJPodsDemo.app; sourceTree = BUILT_PRODUCTS_DIR; };
		D2A115FC2391B431002BCBCC /* AppDelegate.h */ = {isa = PBXFileReference; lastKnownFileType = sourcecode.c.h; path = AppDelegate.h; sourceTree = "<group>"; };
		D2A115FD2391B431002BCBCC /* AppDelegate.m */ = {isa = PBXFileReference; lastKnownFileType = sourcecode.c.objc; path = AppDelegate.m; sourceTree = "<group>"; };
		D2A115FF2391B431002BCBCC /* SceneDelegate.h */ = {isa = PBXFileReference; lastKnownFileType = sourcecode.c.h; path = SceneDelegate.h; sourceTree = "<group>"; };
		D2A116002391B431002BCBCC /* SceneDelegate.m */ = {isa = PBXFileReference; lastKnownFileType = sourcecode.c.objc; path = SceneDelegate.m; sourceTree = "<group>"; };
		D2A116022391B431002BCBCC /* ViewController.h */ = {isa = PBXFileReference; lastKnownFileType = sourcecode.c.h; path = ViewController.h; sourceTree = "<group>"; };
		D2A116032391B431002BCBCC /* ViewController.m */ = {isa = PBXFileReference; lastKnownFileType = sourcecode.c.objc; path = ViewController.m; sourceTree = "<group>"; };
		D2A116062391B431002BCBCC /* Base */ = {isa = PBXFileReference; lastKnownFileType = file.storyboard; name = Base; path = Base.lproj/Main.storyboard; sourceTree = "<group>"; };
		D2A116082391B434002BCBCC /* Assets.xcassets */ = {isa = PBXFileReference; lastKnownFileType = folder.assetcatalog; path = Assets.xcassets; sourceTree = "<group>"; };
		D2A1160B2391B434002BCBCC /* Base */ = {isa = PBXFileReference; lastKnownFileType = file.storyboard; name = Base; path = Base.lproj/LaunchScreen.storyboard; sourceTree = "<group>"; };
		D2A1160D2391B434002BCBCC /* Info.plist */ = {isa = PBXFileReference; lastKnownFileType = text.plist.xml; path = Info.plist; sourceTree = "<group>"; };
		D2A1160E2391B434002BCBCC /* main.m */ = {isa = PBXFileReference; lastKnownFileType = sourcecode.c.objc; path = main.m; sourceTree = "<group>"; };
		D2A116142391B434002BCBCC /* HJPodsDemoTests.xctest */ = {isa = PBXFileReference; explicitFileType = wrapper.cfbundle; includeInIndex = 0; path = HJPodsDemoTests.xctest; sourceTree = BUILT_PRODUCTS_DIR; };
		D2A116182391B434002BCBCC /* HJPodsDemoTests.m */ = {isa = PBXFileReference; lastKnownFileType = sourcecode.c.objc; path = HJPodsDemoTests.m; sourceTree = "<group>"; };
		D2A1161A2391B434002BCBCC /* Info.plist */ = {isa = PBXFileReference; lastKnownFileType = text.plist.xml; path = Info.plist; sourceTree = "<group>"; };
		D2A1161F2391B434002BCBCC /* HJPodsDemoUITests.xctest */ = {isa = PBXFileReference; explicitFileType = wrapper.cfbundle; includeInIndex = 0; path = HJPodsDemoUITests.xctest; sourceTree = BUILT_PRODUCTS_DIR; };
		D2A116232391B434002BCBCC /* HJPodsDemoUITests.m */ = {isa = PBXFileReference; lastKnownFileType = sourcecode.c.objc; path = HJPodsDemoUITests.m; sourceTree = "<group>"; };
		D2A116252391B434002BCBCC /* Info.plist */ = {isa = PBXFileReference; lastKnownFileType = text.plist.xml; path = Info.plist; sourceTree = "<group>"; };
		D2A116322391B748002BCBCC /* HJPodsDemo.h */ = {isa = PBXFileReference; lastKnownFileType = sourcecode.c.h; path = HJPodsDemo.h; sourceTree = "<group>"; };
		D2A116332391B748002BCBCC /* HJPodsDemo.m */ = {isa = PBXFileReference; lastKnownFileType = sourcecode.c.objc; path = HJPodsDemo.m; sourceTree = "<group>"; };
/* End PBXFileReference section */

/* Begin PBXFrameworksBuildPhase section */
		D2A115F62391B431002BCBCC /* Frameworks */ = {
			isa = PBXFrameworksBuildPhase;
			buildActionMask = 2147483647;
			files = (
			);
			runOnlyForDeploymentPostprocessing = 0;
		};
		D2A116112391B434002BCBCC /* Frameworks */ = {
			isa = PBXFrameworksBuildPhase;
			buildActionMask = 2147483647;
			files = (
			);
			runOnlyForDeploymentPostprocessing = 0;
		};
		D2A1161C2391B434002BCBCC /* Frameworks */ = {
			isa = PBXFrameworksBuildPhase;
			buildActionMask = 2147483647;
			files = (
			);
			runOnlyForDeploymentPostprocessing = 0;
		};
/* End PBXFrameworksBuildPhase section */

/* Begin PBXGroup section */
		D2A115F02391B431002BCBCC = {
			isa = PBXGroup;
			children = (
				D2A115FB2391B431002BCBCC /* HJPodsDemo */,
				D2A116172391B434002BCBCC /* HJPodsDemoTests */,
				D2A116222391B434002BCBCC /* HJPodsDemoUITests */,
				D2A115FA2391B431002BCBCC /* Products */,
			);
			sourceTree = "<group>";
		};
		D2A115FA2391B431002BCBCC /* Products */ = {
			isa = PBXGroup;
			children = (
				D2A115F92391B431002BCBCC /* HJPodsDemo.app */,
				D2A116142391B434002BCBCC /* HJPodsDemoTests.xctest */,
				D2A1161F2391B434002BCBCC /* HJPodsDemoUITests.xctest */,
			);
			name = Products;
			sourceTree = "<group>";
		};
		D2A115FB2391B431002BCBCC /* HJPodsDemo */ = {
			isa = PBXGroup;
			children = (
				D2A116312391B725002BCBCC /* HJPodsDemo */,
				D2A115FC2391B431002BCBCC /* AppDelegate.h */,
				D2A115FD2391B431002BCBCC /* AppDelegate.m */,
				D2A115FF2391B431002BCBCC /* SceneDelegate.h */,
				D2A116002391B431002BCBCC /* SceneDelegate.m */,
				D2A116022391B431002BCBCC /* ViewController.h */,
				D2A116032391B431002BCBCC /* ViewController.m */,
				D2A116052391B431002BCBCC /* Main.storyboard */,
				D2A116082391B434002BCBCC /* Assets.xcassets */,
				D2A1160A2391B434002BCBCC /* LaunchScreen.storyboard */,
				D2A1160D2391B434002BCBCC /* Info.plist */,
				D2A1160E2391B434002BCBCC /* main.m */,
			);
			path = HJPodsDemo;
			sourceTree = "<group>";
		};
		D2A116172391B434002BCBCC /* HJPodsDemoTests */ = {
			isa = PBXGroup;
			children = (
				D2A116182391B434002BCBCC /* HJPodsDemoTests.m */,
				D2A1161A2391B434002BCBCC /* Info.plist */,
			);
			path = HJPodsDemoTests;
			sourceTree = "<group>";
		};
		D2A116222391B434002BCBCC /* HJPodsDemoUITests */ = {
			isa = PBXGroup;
			children = (
				D2A116232391B434002BCBCC /* HJPodsDemoUITests.m */,
				D2A116252391B434002BCBCC /* Info.plist */,
			);
			path = HJPodsDemoUITests;
			sourceTree = "<group>";
		};
		D2A116312391B725002BCBCC /* HJPodsDemo */ = {
			isa = PBXGroup;
			children = (
				D2A116322391B748002BCBCC /* HJPodsDemo.h */,
				D2A116332391B748002BCBCC /* HJPodsDemo.m */,
			);
			path = HJPodsDemo;
			sourceTree = "<group>";
		};
/* End PBXGroup section */

/* Begin PBXNativeTarget section */
		D2A115F82391B431002BCBCC /* HJPodsDemo */ = {
			isa = PBXNativeTarget;
			buildConfigurationList = D2A116282391B434002BCBCC /* Build configuration list for PBXNativeTarget "HJPodsDemo" */;
			buildPhases = (
				D2A115F52391B431002BCBCC /* Sources */,
				D2A115F62391B431002BCBCC /* Frameworks */,
				D2A115F72391B431002BCBCC /* Resources */,
			);
			buildRules = (
			);
			dependencies = (
			);
			name = HJPodsDemo;
			productName = HJPodsDemo;
			productReference = D2A115F92391B431002BCBCC /* HJPodsDemo.app */;
			productType = "com.apple.product-type.application";
		};
		D2A116132391B434002BCBCC /* HJPodsDemoTests */ = {
			isa = PBXNativeTarget;
			buildConfigurationList = D2A1162B2391B434002BCBCC /* Build configuration list for PBXNativeTarget "HJPodsDemoTests" */;
			buildPhases = (
				D2A116102391B434002BCBCC /* Sources */,
				D2A116112391B434002BCBCC /* Frameworks */,
				D2A116122391B434002BCBCC /* Resources */,
			);
			buildRules = (
			);
			dependencies = (
				D2A116162391B434002BCBCC /* PBXTargetDependency */,
			);
			name = HJPodsDemoTests;
			productName = HJPodsDemoTests;
			productReference = D2A116142391B434002BCBCC /* HJPodsDemoTests.xctest */;
			productType = "com.apple.product-type.bundle.unit-test";
		};
		D2A1161E2391B434002BCBCC /* HJPodsDemoUITests */ = {
			isa = PBXNativeTarget;
			buildConfigurationList = D2A1162E2391B434002BCBCC /* Build configuration list for PBXNativeTarget "HJPodsDemoUITests" */;
			buildPhases = (
				D2A1161B2391B434002BCBCC /* Sources */,
				D2A1161C2391B434002BCBCC /* Frameworks */,
				D2A1161D2391B434002BCBCC /* Resources */,
			);
			buildRules = (
			);
			dependencies = (
				D2A116212391B434002BCBCC /* PBXTargetDependency */,
			);
			name = HJPodsDemoUITests;
			productName = HJPodsDemoUITests;
			productReference = D2A1161F2391B434002BCBCC /* HJPodsDemoUITests.xctest */;
			productType = "com.apple.product-type.bundle.ui-testing";
		};
/* End PBXNativeTarget section */

/* Begin PBXProject section */
		D2A115F12391B431002BCBCC /* Project object */ = {
			isa = PBXProject;
			attributes = {
				LastUpgradeCheck = 1110;
				ORGANIZATIONNAME = whj;
				TargetAttributes = {
					D2A115F82391B431002BCBCC = {
						CreatedOnToolsVersion = 11.1;
					};
					D2A116132391B434002BCBCC = {
						CreatedOnToolsVersion = 11.1;
						TestTargetID = D2A115F82391B431002BCBCC;
					};
					D2A1161E2391B434002BCBCC = {
						CreatedOnToolsVersion = 11.1;
						TestTargetID = D2A115F82391B431002BCBCC;
					};
				};
			};
			buildConfigurationList = D2A115F42391B431002BCBCC /* Build configuration list for PBXProject "HJPodsDemo" */;
			compatibilityVersion = "Xcode 9.3";
			developmentRegion = en;
			hasScannedForEncodings = 0;
			knownRegions = (
				en,
				Base,
			);
			mainGroup = D2A115F02391B431002BCBCC;
			productRefGroup = D2A115FA2391B431002BCBCC /* Products */;
			projectDirPath = "";
			projectRoot = "";
			targets = (
				D2A115F82391B431002BCBCC /* HJPodsDemo */,
				D2A116132391B434002BCBCC /* HJPodsDemoTests */,
				D2A1161E2391B434002BCBCC /* HJPodsDemoUITests */,
			);
		};
/* End PBXProject section */

/* Begin PBXResourcesBuildPhase section */
		D2A115F72391B431002BCBCC /* Resources */ = {
			isa = PBXResourcesBuildPhase;
			buildActionMask = 2147483647;
			files = (
				D2A1160C2391B434002BCBCC /* LaunchScreen.storyboard in Resources */,
				D2A116092391B434002BCBCC /* Assets.xcassets in Resources */,
				D2A116072391B431002BCBCC /* Main.storyboard in Resources */,
			);
			runOnlyForDeploymentPostprocessing = 0;
		};
		D2A116122391B434002BCBCC /* Resources */ = {
			isa = PBXResourcesBuildPhase;
			buildActionMask = 2147483647;
			files = (
			);
			runOnlyForDeploymentPostprocessing = 0;
		};
		D2A1161D2391B434002BCBCC /* Resources */ = {
			isa = PBXResourcesBuildPhase;
			buildActionMask = 2147483647;
			files = (
			);
			runOnlyForDeploymentPostprocessing = 0;
		};
/* End PBXResourcesBuildPhase section */

/* Begin PBXSourcesBuildPhase section */
		D2A115F52391B431002BCBCC /* Sources */ = {
			isa = PBXSourcesBuildPhase;
			buildActionMask = 2147483647;
			files = (
				D2A116042391B431002BCBCC /* ViewController.m in Sources */,
				D2A115FE2391B431002BCBCC /* AppDelegate.m in Sources */,
				D2A1160F2391B434002BCBCC /* main.m in Sources */,
				D2A116012391B431002BCBCC /* SceneDelegate.m in Sources */,
				D2A116342391B748002BCBCC /* HJPodsDemo.m in Sources */,
			);
			runOnlyForDeploymentPostprocessing = 0;
		};
		D2A116102391B434002BCBCC /* Sources */ = {
			isa = PBXSourcesBuildPhase;
			buildActionMask = 2147483647;
			files = (
				D2A116192391B434002BCBCC /* HJPodsDemoTests.m in Sources */,
			);
			runOnlyForDeploymentPostprocessing = 0;
		};
		D2A1161B2391B434002BCBCC /* Sources */ = {
			isa = PBXSourcesBuildPhase;
			buildActionMask = 2147483647;
			files = (
				D2A116242391B434002BCBCC /* HJPodsDemoUITests.m in Sources */,
			);
			runOnlyForDeploymentPostprocessing = 0;
		};
/* End PBXSourcesBuildPhase section */

/* Begin PBXTargetDependency section */
		D2A116162391B434002BCBCC /* PBXTargetDependency */ = {
			isa = PBXTargetDependency;
			target = D2A115F82391B431002BCBCC /* HJPodsDemo */;
			targetProxy = D2A116152391B434002BCBCC /* PBXContainerItemProxy */;
		};
		D2A116212391B434002BCBCC /* PBXTargetDependency */ = {
			isa = PBXTargetDependency;
			target = D2A115F82391B431002BCBCC /* HJPodsDemo */;
			targetProxy = D2A116202391B434002BCBCC /* PBXContainerItemProxy */;
		};
/* End PBXTargetDependency section */

/* Begin PBXVariantGroup section */
		D2A116052391B431002BCBCC /* Main.storyboard */ = {
			isa = PBXVariantGroup;
			children = (
				D2A116062391B431002BCBCC /* Base */,
			);
			name = Main.storyboard;
			sourceTree = "<group>";
		};
		D2A1160A2391B434002BCBCC /* LaunchScreen.storyboard */ = {
			isa = PBXVariantGroup;
			children = (
				D2A1160B2391B434002BCBCC /* Base */,
			);
			name = LaunchScreen.storyboard;
			sourceTree = "<group>";
		};
/* End PBXVariantGroup section */

/* Begin XCBuildConfiguration section */
		D2A116262391B434002BCBCC /* Debug */ = {
			isa = XCBuildConfiguration;
			buildSettings = {
				ALWAYS_SEARCH_USER_PATHS = NO;
				CLANG_ANALYZER_NONNULL = YES;
				CLANG_ANALYZER_NUMBER_OBJECT_CONVERSION = YES_AGGRESSIVE;
				CLANG_CXX_LANGUAGE_STANDARD = "gnu++14";
				CLANG_CXX_LIBRARY = "libc++";
				CLANG_ENABLE_MODULES = YES;
				CLANG_ENABLE_OBJC_ARC = YES;
				CLANG_ENABLE_OBJC_WEAK = YES;
				CLANG_WARN_BLOCK_CAPTURE_AUTORELEASING = YES;
				CLANG_WARN_BOOL_CONVERSION = YES;
				CLANG_WARN_COMMA = YES;
				CLANG_WARN_CONSTANT_CONVERSION = YES;
				CLANG_WARN_DEPRECATED_OBJC_IMPLEMENTATIONS = YES;
				CLANG_WARN_DIRECT_OBJC_ISA_USAGE = YES_ERROR;
				CLANG_WARN_DOCUMENTATION_COMMENTS = YES;
				CLANG_WARN_EMPTY_BODY = YES;
				CLANG_WARN_ENUM_CONVERSION = YES;
				CLANG_WARN_INFINITE_RECURSION = YES;
				CLANG_WARN_INT_CONVERSION = YES;
				CLANG_WARN_NON_LITERAL_NULL_CONVERSION = YES;
				CLANG_WARN_OBJC_IMPLICIT_RETAIN_SELF = YES;
				CLANG_WARN_OBJC_LITERAL_CONVERSION = YES;
				CLANG_WARN_OBJC_ROOT_CLASS = YES_ERROR;
				CLANG_WARN_RANGE_LOOP_ANALYSIS = YES;
				CLANG_WARN_STRICT_PROTOTYPES = YES;
				CLANG_WARN_SUSPICIOUS_MOVE = YES;
				CLANG_WARN_UNGUARDED_AVAILABILITY = YES_AGGRESSIVE;
				CLANG_WARN_UNREACHABLE_CODE = YES;
				CLANG_WARN__DUPLICATE_METHOD_MATCH = YES;
				COPY_PHASE_STRIP = NO;
				DEBUG_INFORMATION_FORMAT = dwarf;
				ENABLE_STRICT_OBJC_MSGSEND = YES;
				ENABLE_TESTABILITY = YES;
				GCC_C_LANGUAGE_STANDARD = gnu11;
				GCC_DYNAMIC_NO_PIC = NO;
				GCC_NO_COMMON_BLOCKS = YES;
				GCC_OPTIMIZATION_LEVEL = 0;
				GCC_PREPROCESSOR_DEFINITIONS = (
					"DEBUG=1",
					"$(inherited)",
				);
				GCC_WARN_64_TO_32_BIT_CONVERSION = YES;
				GCC_WARN_ABOUT_RETURN_TYPE = YES_ERROR;
				GCC_WARN_UNDECLARED_SELECTOR = YES;
				GCC_WARN_UNINITIALIZED_AUTOS = YES_AGGRESSIVE;
				GCC_WARN_UNUSED_FUNCTION = YES;
				GCC_WARN_UNUSED_VARIABLE = YES;
				IPHONEOS_DEPLOYMENT_TARGET = 13.1;
				MTL_ENABLE_DEBUG_INFO = INCLUDE_SOURCE;
				MTL_FAST_MATH = YES;
				ONLY_ACTIVE_ARCH = YES;
				SDKROOT = iphoneos;
			};
			name = Debug;
		};
		D2A116272391B434002BCBCC /* Release */ = {
			isa = XCBuildConfiguration;
			buildSettings = {
				ALWAYS_SEARCH_USER_PATHS = NO;
				CLANG_ANALYZER_NONNULL = YES;
				CLANG_ANALYZER_NUMBER_OBJECT_CONVERSION = YES_AGGRESSIVE;
				CLANG_CXX_LANGUAGE_STANDARD = "gnu++14";
				CLANG_CXX_LIBRARY = "libc++";
				CLANG_ENABLE_MODULES = YES;
				CLANG_ENABLE_OBJC_ARC = YES;
				CLANG_ENABLE_OBJC_WEAK = YES;
				CLANG_WARN_BLOCK_CAPTURE_AUTORELEASING = YES;
				CLANG_WARN_BOOL_CONVERSION = YES;
				CLANG_WARN_COMMA = YES;
				CLANG_WARN_CONSTANT_CONVERSION = YES;
				CLANG_WARN_DEPRECATED_OBJC_IMPLEMENTATIONS = YES;
				CLANG_WARN_DIRECT_OBJC_ISA_USAGE = YES_ERROR;
				CLANG_WARN_DOCUMENTATION_COMMENTS = YES;
				CLANG_WARN_EMPTY_BODY = YES;
				CLANG_WARN_ENUM_CONVERSION = YES;
				CLANG_WARN_INFINITE_RECURSION = YES;
				CLANG_WARN_INT_CONVERSION = YES;
				CLANG_WARN_NON_LITERAL_NULL_CONVERSION = YES;
				CLANG_WARN_OBJC_IMPLICIT_RETAIN_SELF = YES;
				CLANG_WARN_OBJC_LITERAL_CONVERSION = YES;
				CLANG_WARN_OBJC_ROOT_CLASS = YES_ERROR;
				CLANG_WARN_RANGE_LOOP_ANALYSIS = YES;
				CLANG_WARN_STRICT_PROTOTYPES = YES;
				CLANG_WARN_SUSPICIOUS_MOVE = YES;
				CLANG_WARN_UNGUARDED_AVAILABILITY = YES_AGGRESSIVE;
				CLANG_WARN_UNREACHABLE_CODE = YES;
				CLANG_WARN__DUPLICATE_METHOD_MATCH = YES;
				COPY_PHASE_STRIP = NO;
				DEBUG_INFORMATION_FORMAT = "dwarf-with-dsym";
				ENABLE_NS_ASSERTIONS = NO;
				ENABLE_STRICT_OBJC_MSGSEND = YES;
				GCC_C_LANGUAGE_STANDARD = gnu11;
				GCC_NO_COMMON_BLOCKS = YES;
				GCC_WARN_64_TO_32_BIT_CONVERSION = YES;
				GCC_WARN_ABOUT_RETURN_TYPE = YES_ERROR;
				GCC_WARN_UNDECLARED_SELECTOR = YES;
				GCC_WARN_UNINITIALIZED_AUTOS = YES_AGGRESSIVE;
				GCC_WARN_UNUSED_FUNCTION = YES;
				GCC_WARN_UNUSED_VARIABLE = YES;
				IPHONEOS_DEPLOYMENT_TARGET = 13.1;
				MTL_ENABLE_DEBUG_INFO = NO;
				MTL_FAST_MATH = YES;
				SDKROOT = iphoneos;
				VALIDATE_PRODUCT = YES;
			};
			name = Release;
		};
		D2A116292391B434002BCBCC /* Debug */ = {
			isa = XCBuildConfiguration;
			buildSettings = {
				ASSETCATALOG_COMPILER_APPICON_NAME = AppIcon;
				CODE_SIGN_STYLE = Automatic;
				INFOPLIST_FILE = HJPodsDemo/Info.plist;
				IPHONEOS_DEPLOYMENT_TARGET = 8.0;
				LD_RUNPATH_SEARCH_PATHS = (
					"$(inherited)",
					"@executable_path/Frameworks",
				);
				PRODUCT_BUNDLE_IDENTIFIER = com.huizuche.www.HJPodsDemo;
				PRODUCT_NAME = "$(TARGET_NAME)";
				TARGETED_DEVICE_FAMILY = "1,2";
			};
			name = Debug;
		};
		D2A1162A2391B434002BCBCC /* Release */ = {
			isa = XCBuildConfiguration;
			buildSettings = {
				ASSETCATALOG_COMPILER_APPICON_NAME = AppIcon;
				CODE_SIGN_STYLE = Automatic;
				INFOPLIST_FILE = HJPodsDemo/Info.plist;
				IPHONEOS_DEPLOYMENT_TARGET = 8.0;
				LD_RUNPATH_SEARCH_PATHS = (
					"$(inherited)",
					"@executable_path/Frameworks",
				);
				PRODUCT_BUNDLE_IDENTIFIER = com.huizuche.www.HJPodsDemo;
				PRODUCT_NAME = "$(TARGET_NAME)";
				TARGETED_DEVICE_FAMILY = "1,2";
			};
			name = Release;
		};
		D2A1162C2391B434002BCBCC /* Debug */ = {
			isa = XCBuildConfiguration;
			buildSettings = {
				BUNDLE_LOADER = "$(TEST_HOST)";
				CODE_SIGN_STYLE = Automatic;
				INFOPLIST_FILE = HJPodsDemoTests/Info.plist;
				IPHONEOS_DEPLOYMENT_TARGET = 13.1;
				LD_RUNPATH_SEARCH_PATHS = (
					"$(inherited)",
					"@executable_path/Frameworks",
					"@loader_path/Frameworks",
				);
				PRODUCT_BUNDLE_IDENTIFIER = com.huizuche.www.HJPodsDemoTests;
				PRODUCT_NAME = "$(TARGET_NAME)";
				TARGETED_DEVICE_FAMILY = "1,2";
				TEST_HOST = "$(BUILT_PRODUCTS_DIR)/HJPodsDemo.app/HJPodsDemo";
			};
			name = Debug;
		};
		D2A1162D2391B434002BCBCC /* Release */ = {
			isa = XCBuildConfiguration;
			buildSettings = {
				BUNDLE_LOADER = "$(TEST_HOST)";
				CODE_SIGN_STYLE = Automatic;
				INFOPLIST_FILE = HJPodsDemoTests/Info.plist;
				IPHONEOS_DEPLOYMENT_TARGET = 13.1;
				LD_RUNPATH_SEARCH_PATHS = (
					"$(inherited)",
					"@executable_path/Frameworks",
					"@loader_path/Frameworks",
				);
				PRODUCT_BUNDLE_IDENTIFIER = com.huizuche.www.HJPodsDemoTests;
				PRODUCT_NAME = "$(TARGET_NAME)";
				TARGETED_DEVICE_FAMILY = "1,2";
				TEST_HOST = "$(BUILT_PRODUCTS_DIR)/HJPodsDemo.app/HJPodsDemo";
			};
			name = Release;
		};
		D2A1162F2391B434002BCBCC /* Debug */ = {
			isa = XCBuildConfiguration;
			buildSettings = {
				CODE_SIGN_STYLE = Automatic;
				INFOPLIST_FILE = HJPodsDemoUITests/Info.plist;
				LD_RUNPATH_SEARCH_PATHS = (
					"$(inherited)",
					"@executable_path/Frameworks",
					"@loader_path/Frameworks",
				);
				PRODUCT_BUNDLE_IDENTIFIER = com.huizuche.www.HJPodsDemoUITests;
				PRODUCT_NAME = "$(TARGET_NAME)";
				TARGETED_DEVICE_FAMILY = "1,2";
				TEST_TARGET_NAME = HJPodsDemo;
			};
			name = Debug;
		};
		D2A116302391B434002BCBCC /* Release */ = {
			isa = XCBuildConfiguration;
			buildSettings = {
				CODE_SIGN_STYLE = Automatic;
				INFOPLIST_FILE = HJPodsDemoUITests/Info.plist;
				LD_RUNPATH_SEARCH_PATHS = (
					"$(inherited)",
					"@executable_path/Frameworks",
					"@loader_path/Frameworks",
				);
				PRODUCT_BUNDLE_IDENTIFIER = com.huizuche.www.HJPodsDemoUITests;
				PRODUCT_NAME = "$(TARGET_NAME)";
				TARGETED_DEVICE_FAMILY = "1,2";
				TEST_TARGET_NAME = HJPodsDemo;
			};
			name = Release;
		};
/* End XCBuildConfiguration section */

/* Begin XCConfigurationList section */
		D2A115F42391B431002BCBCC /* Build configuration list for PBXProject "HJPodsDemo" */ = {
			isa = XCConfigurationList;
			buildConfigurations = (
				D2A116262391B434002BCBCC /* Debug */,
				D2A116272391B434002BCBCC /* Release */,
			);
			defaultConfigurationIsVisible = 0;
			defaultConfigurationName = Release;
		};
		D2A116282391B434002BCBCC /* Build configuration list for PBXNativeTarget "HJPodsDemo" */ = {
			isa = XCConfigurationList;
			buildConfigurations = (
				D2A116292391B434002BCBCC /* Debug */,
				D2A1162A2391B434002BCBCC /* Release */,
			);
			defaultConfigurationIsVisible = 0;
			defaultConfigurationName = Release;
		};
		D2A1162B2391B434002BCBCC /* Build configuration list for PBXNativeTarget "HJPodsDemoTests" */ = {
			isa = XCConfigurationList;
			buildConfigurations = (
				D2A1162C2391B434002BCBCC /* Debug */,
				D2A1162D2391B434002BCBCC /* Release */,
			);
			defaultConfigurationIsVisible = 0;
			defaultConfigurationName = Release;
		};
		D2A1162E2391B434002BCBCC /* Build configuration list for PBXNativeTarget "HJPodsDemoUITests" */ = {
			isa = XCConfigurationList;
			buildConfigurations = (
				D2A1162F2391B434002BCBCC /* Debug */,
				D2A116302391B434002BCBCC /* Release */,
			);
			defaultConfigurationIsVisible = 0;
			defaultConfigurationName = Release;
		};
/* End XCConfigurationList section */
	};
	rootObject = D2A115F12391B431002BCBCC /* Project object */;
}
